
Microsoft Visual Studio Solution File, Format Version 12.00
# Visual Studio 2013
VisualStudioVersion = 12.0.31101.0
MinimumVisualStudioVersion = 10.0.40219.1
Project("{2150E333-8FDC-42A3-9474-1A3956D46DE8}") = "Solution Items", "Solution Items", "{53B89935-BF0D-44E4-BFBF-D0A2EFFDE749}"
	ProjectSection(SolutionItems) = preProject
		CommonAssemblyInfo.cs = CommonAssemblyInfo.cs
	EndProjectSection
EndProject
Project("{FAE04EC0-301F-11D3-BF4B-00C04F79EFBC}") = "Asgl.iOSLibBindings", "Asgl.iOSLibBindings\Asgl.iOSLibBindings.csproj", "{B6BD09B8-D53B-4DDB-B4F4-401ACB847F2A}"
EndProject
Project("{FAE04EC0-301F-11D3-BF4B-00C04F79EFBC}") = "Asgl.iOSLibBindingsTest", "Tests\Asgl.iOSLibBindingsTest\Asgl.iOSLibBindingsTest.csproj", "{87D2BAD0-7CAA-4151-AA84-578252709E3F}"
EndProject
Project("{FAE04EC0-301F-11D3-BF4B-00C04F79EFBC}") = "Asgl.iOSLibBindingsNugetTest", "Tests\Asgl.iOSLibBindingsNugetTest\Asgl.iOSLibBindingsNugetTest.csproj", "{D44158AA-74E8-45E3-8C8F-50AD35E392FF}"
EndProject
Global
	GlobalSection(SolutionConfigurationPlatforms) = preSolution
		Ad-Hoc|Any CPU = Ad-Hoc|Any CPU
		Ad-Hoc|iPhone = Ad-Hoc|iPhone
		Ad-Hoc|iPhoneSimulator = Ad-Hoc|iPhoneSimulator
		Ad-Hoc|Mixed Platforms = Ad-Hoc|Mixed Platforms
		AppStore|Any CPU = AppStore|Any CPU
		AppStore|iPhone = AppStore|iPhone
		AppStore|iPhoneSimulator = AppStore|iPhoneSimulator
		AppStore|Mixed Platforms = AppStore|Mixed Platforms
		Debug|Any CPU = Debug|Any CPU
		Debug|iPhone = Debug|iPhone
		Debug|iPhoneSimulator = Debug|iPhoneSimulator
		Debug|Mixed Platforms = Debug|Mixed Platforms
		Release|Any CPU = Release|Any CPU
		Release|iPhone = Release|iPhone
		Release|iPhoneSimulator = Release|iPhoneSimulator
		Release|Mixed Platforms = Release|Mixed Platforms
	EndGlobalSection
	GlobalSection(ProjectConfigurationPlatforms) = postSolution
		{B6BD09B8-D53B-4DDB-B4F4-401ACB847F2A}.Ad-Hoc|Any CPU.ActiveCfg = Debug|Any CPU
		{B6BD09B8-D53B-4DDB-B4F4-401ACB847F2A}.Ad-Hoc|Any CPU.Build.0 = Debug|Any CPU
		{B6BD09B8-D53B-4DDB-B4F4-401ACB847F2A}.Ad-Hoc|iPhone.ActiveCfg = Release|Any CPU
		{B6BD09B8-D53B-4DDB-B4F4-401ACB847F2A}.Ad-Hoc|iPhone.Build.0 = Release|Any CPU
		{B6BD09B8-D53B-4DDB-B4F4-401ACB847F2A}.Ad-Hoc|iPhoneSimulator.ActiveCfg = Debug|Any CPU
		{B6BD09B8-D53B-4DDB-B4F4-401ACB847F2A}.Ad-Hoc|Mixed Platforms.ActiveCfg = Debug|Any CPU
		{B6BD09B8-D53B-4DDB-B4F4-401ACB847F2A}.Ad-Hoc|Mixed Platforms.Build.0 = Debug|Any CPU
		{B6BD09B8-D53B-4DDB-B4F4-401ACB847F2A}.AppStore|Any CPU.ActiveCfg = Debug|Any CPU
		{B6BD09B8-D53B-4DDB-B4F4-401ACB847F2A}.AppStore|Any CPU.Build.0 = Debug|Any CPU
		{B6BD09B8-D53B-4DDB-B4F4-401ACB847F2A}.AppStore|iPhone.ActiveCfg = Release|Any CPU
		{B6BD09B8-D53B-4DDB-B4F4-401ACB847F2A}.AppStore|iPhone.Build.0 = Release|Any CPU
		{B6BD09B8-D53B-4DDB-B4F4-401ACB847F2A}.AppStore|iPhoneSimulator.ActiveCfg = Debug|Any CPU
		{B6BD09B8-D53B-4DDB-B4F4-401ACB847F2A}.AppStore|Mixed Platforms.ActiveCfg = Debug|Any CPU
		{B6BD09B8-D53B-4DDB-B4F4-401ACB847F2A}.AppStore|Mixed Platforms.Build.0 = Debug|Any CPU
		{B6BD09B8-D53B-4DDB-B4F4-401ACB847F2A}.Debug|Any CPU.ActiveCfg = Debug|Any CPU
		{B6BD09B8-D53B-4DDB-B4F4-401ACB847F2A}.Debug|Any CPU.Build.0 = Debug|Any CPU
		{B6BD09B8-D53B-4DDB-B4F4-401ACB847F2A}.Debug|iPhone.ActiveCfg = Debug|Any CPU
		{B6BD09B8-D53B-4DDB-B4F4-401ACB847F2A}.Debug|iPhone.Build.0 = Debug|Any CPU
		{B6BD09B8-D53B-4DDB-B4F4-401ACB847F2A}.Debug|iPhoneSimulator.ActiveCfg = Debug|Any CPU
		{B6BD09B8-D53B-4DDB-B4F4-401ACB847F2A}.Debug|iPhoneSimulator.Build.0 = Debug|Any CPU
		{B6BD09B8-D53B-4DDB-B4F4-401ACB847F2A}.Debug|Mixed Platforms.ActiveCfg = Debug|Any CPU
		{B6BD09B8-D53B-4DDB-B4F4-401ACB847F2A}.Debug|Mixed Platforms.Build.0 = Debug|Any CPU
		{B6BD09B8-D53B-4DDB-B4F4-401ACB847F2A}.Release|Any CPU.ActiveCfg = Release|Any CPU
		{B6BD09B8-D53B-4DDB-B4F4-401ACB847F2A}.Release|Any CPU.Build.0 = Release|Any CPU
		{B6BD09B8-D53B-4DDB-B4F4-401ACB847F2A}.Release|iPhone.ActiveCfg = Release|Any CPU
		{B6BD09B8-D53B-4DDB-B4F4-401ACB847F2A}.Release|iPhone.Build.0 = Release|Any CPU
		{B6BD09B8-D53B-4DDB-B4F4-401ACB847F2A}.Release|iPhoneSimulator.ActiveCfg = Release|Any CPU
		{B6BD09B8-D53B-4DDB-B4F4-401ACB847F2A}.Release|iPhoneSimulator.Build.0 = Release|Any CPU
		{B6BD09B8-D53B-4DDB-B4F4-401ACB847F2A}.Release|Mixed Platforms.ActiveCfg = Release|Any CPU
		{B6BD09B8-D53B-4DDB-B4F4-401ACB847F2A}.Release|Mixed Platforms.Build.0 = Release|Any CPU
		{87D2BAD0-7CAA-4151-AA84-578252709E3F}.Ad-Hoc|Any CPU.ActiveCfg = Release|iPhoneSimulator
		{87D2BAD0-7CAA-4151-AA84-578252709E3F}.Ad-Hoc|iPhone.ActiveCfg = Release|iPhone
		{87D2BAD0-7CAA-4151-AA84-578252709E3F}.Ad-Hoc|iPhone.Build.0 = Release|iPhone
		{87D2BAD0-7CAA-4151-AA84-578252709E3F}.Ad-Hoc|iPhoneSimulator.ActiveCfg = Release|iPhoneSimulator
		{87D2BAD0-7CAA-4151-AA84-578252709E3F}.Ad-Hoc|iPhoneSimulator.Build.0 = Release|iPhoneSimulator
		{87D2BAD0-7CAA-4151-AA84-578252709E3F}.Ad-Hoc|Mixed Platforms.ActiveCfg = Release|iPhoneSimulator
		{87D2BAD0-7CAA-4151-AA84-578252709E3F}.Ad-Hoc|Mixed Platforms.Build.0 = Release|iPhoneSimulator
		{87D2BAD0-7CAA-4151-AA84-578252709E3F}.AppStore|Any CPU.ActiveCfg = Release|iPhoneSimulator
		{87D2BAD0-7CAA-4151-AA84-578252709E3F}.AppStore|iPhone.ActiveCfg = Release|iPhone
		{87D2BAD0-7CAA-4151-AA84-578252709E3F}.AppStore|iPhone.Build.0 = Release|iPhone
		{87D2BAD0-7CAA-4151-AA84-578252709E3F}.AppStore|iPhoneSimulator.ActiveCfg = Release|iPhoneSimulator
		{87D2BAD0-7CAA-4151-AA84-578252709E3F}.AppStore|iPhoneSimulator.Build.0 = Release|iPhoneSimulator
		{87D2BAD0-7CAA-4151-AA84-578252709E3F}.AppStore|Mixed Platforms.ActiveCfg = Release|iPhoneSimulator
		{87D2BAD0-7CAA-4151-AA84-578252709E3F}.AppStore|Mixed Platforms.Build.0 = Release|iPhoneSimulator
		{87D2BAD0-7CAA-4151-AA84-578252709E3F}.Debug|Any CPU.ActiveCfg = Debug|iPhoneSimulator
		{87D2BAD0-7CAA-4151-AA84-578252709E3F}.Debug|Any CPU.Build.0 = Debug|iPhoneSimulator
		{87D2BAD0-7CAA-4151-AA84-578252709E3F}.Debug|iPhone.ActiveCfg = Debug|iPhone
		{87D2BAD0-7CAA-4151-AA84-578252709E3F}.Debug|iPhone.Build.0 = Debug|iPhone
		{87D2BAD0-7CAA-4151-AA84-578252709E3F}.Debug|iPhoneSimulator.ActiveCfg = Debug|iPhoneSimulator
		{87D2BAD0-7CAA-4151-AA84-578252709E3F}.Debug|iPhoneSimulator.Build.0 = Debug|iPhoneSimulator
		{87D2BAD0-7CAA-4151-AA84-578252709E3F}.Debug|Mixed Platforms.ActiveCfg = Debug|iPhone
		{87D2BAD0-7CAA-4151-AA84-578252709E3F}.Debug|Mixed Platforms.Build.0 = Debug|iPhone
		{87D2BAD0-7CAA-4151-AA84-578252709E3F}.Release|Any CPU.ActiveCfg = Release|iPhone
		{87D2BAD0-7CAA-4151-AA84-578252709E3F}.Release|Any CPU.Build.0 = Release|iPhone
		{87D2BAD0-7CAA-4151-AA84-578252709E3F}.Release|iPhone.ActiveCfg = Release|iPhone
		{87D2BAD0-7CAA-4151-AA84-578252709E3F}.Release|iPhone.Build.0 = Release|iPhone
		{87D2BAD0-7CAA-4151-AA84-578252709E3F}.Release|iPhoneSimulator.ActiveCfg = Release|iPhoneSimulator
		{87D2BAD0-7CAA-4151-AA84-578252709E3F}.Release|iPhoneSimulator.Build.0 = Release|iPhoneSimulator
		{87D2BAD0-7CAA-4151-AA84-578252709E3F}.Release|Mixed Platforms.ActiveCfg = Release|iPhoneSimulator
		{87D2BAD0-7CAA-4151-AA84-578252709E3F}.Release|Mixed Platforms.Build.0 = Release|iPhoneSimulator
		{D44158AA-74E8-45E3-8C8F-50AD35E392FF}.Ad-Hoc|Any CPU.ActiveCfg = Ad-Hoc|iPhone
		{D44158AA-74E8-45E3-8C8F-50AD35E392FF}.Ad-Hoc|iPhone.ActiveCfg = Ad-Hoc|iPhone
		{D44158AA-74E8-45E3-8C8F-50AD35E392FF}.Ad-Hoc|iPhone.Build.0 = Ad-Hoc|iPhone
		{D44158AA-74E8-45E3-8C8F-50AD35E392FF}.Ad-Hoc|iPhoneSimulator.ActiveCfg = Ad-Hoc|iPhoneSimulator
		{D44158AA-74E8-45E3-8C8F-50AD35E392FF}.Ad-Hoc|iPhoneSimulator.Build.0 = Ad-Hoc|iPhoneSimulator
		{D44158AA-74E8-45E3-8C8F-50AD35E392FF}.Ad-Hoc|Mixed Platforms.ActiveCfg = Ad-Hoc|iPhone
		{D44158AA-74E8-45E3-8C8F-50AD35E392FF}.Ad-Hoc|Mixed Platforms.Build.0 = Ad-Hoc|iPhone
		{D44158AA-74E8-45E3-8C8F-50AD35E392FF}.AppStore|Any CPU.ActiveCfg = AppStore|iPhone
		{D44158AA-74E8-45E3-8C8F-50AD35E392FF}.AppStore|iPhone.ActiveCfg = AppStore|iPhone
		{D44158AA-74E8-45E3-8C8F-50AD35E392FF}.AppStore|iPhone.Build.0 = AppStore|iPhone
		{D44158AA-74E8-45E3-8C8F-50AD35E392FF}.AppStore|iPhoneSimulator.ActiveCfg = AppStore|iPhoneSimulator
		{D44158AA-74E8-45E3-8C8F-50AD35E392FF}.AppStore|iPhoneSimulator.Build.0 = AppStore|iPhoneSimulator
		{D44158AA-74E8-45E3-8C8F-50AD35E392FF}.AppStore|Mixed Platforms.ActiveCfg = AppStore|iPhone
		{D44158AA-74E8-45E3-8C8F-50AD35E392FF}.AppStore|Mixed Platforms.Build.0 = AppStore|iPhone
		{D44158AA-74E8-45E3-8C8F-50AD35E392FF}.Debug|Any CPU.ActiveCfg = Debug|iPhone
		{D44158AA-74E8-45E3-8C8F-50AD35E392FF}.Debug|iPhone.ActiveCfg = Debug|iPhone
		{D44158AA-74E8-45E3-8C8F-50AD35E392FF}.Debug|iPhone.Build.0 = Debug|iPhone
		{D44158AA-74E8-45E3-8C8F-50AD35E392FF}.Debug|iPhoneSimulator.ActiveCfg = Debug|iPhoneSimulator
		{D44158AA-74E8-45E3-8C8F-50AD35E392FF}.Debug|iPhoneSimulator.Build.0 = Debug|iPhoneSimulator
		{D44158AA-74E8-45E3-8C8F-50AD35E392FF}.Debug|Mixed Platforms.ActiveCfg = Debug|iPhone
		{D44158AA-74E8-45E3-8C8F-50AD35E392FF}.Debug|Mixed Platforms.Build.0 = Debug|iPhone
		{D44158AA-74E8-45E3-8C8F-50AD35E392FF}.Release|Any CPU.ActiveCfg = Release|iPhone
		{D44158AA-74E8-45E3-8C8F-50AD35E392FF}.Release|iPhone.ActiveCfg = Release|iPhone
		{D44158AA-74E8-45E3-8C8F-50AD35E392FF}.Release|iPhone.Build.0 = Release|iPhone
		{D44158AA-74E8-45E3-8C8F-50AD35E392FF}.Release|iPhoneSimulator.ActiveCfg = Release|iPhoneSimulator
		{D44158AA-74E8-45E3-8C8F-50AD35E392FF}.Release|iPhoneSimulator.Build.0 = Release|iPhoneSimulator
		{D44158AA-74E8-45E3-8C8F-50AD35E392FF}.Release|Mixed Platforms.ActiveCfg = Release|iPhone
		{D44158AA-74E8-45E3-8C8F-50AD35E392FF}.Release|Mixed Platforms.Build.0 = Release|iPhone
	EndGlobalSection
	GlobalSection(SolutionProperties) = preSolution
		HideSolutionNode = FALSE
	EndGlobalSection
EndGlobal
